{
  "nodes": {
    "flake-utils": {
      "locked": {
        "lastModified": 1631561581,
        "narHash": "sha256-3VQMV5zvxaVLvqqUrNz3iJelLw30mIVSfZmAaauM3dA=",
        "owner": "numtide",
        "repo": "flake-utils",
        "rev": "7e5bf3925f6fbdfaf50a2a7ca0be2879c4261d19",
        "type": "github"
      },
      "original": {
        "owner": "numtide",
        "repo": "flake-utils",
        "type": "github"
      }
    },
    "nixpkgs": {
      "locked": {
        "lastModified": 1633351077,
        "narHash": "sha256-z38JG4Bb0GtM1aF1pANVdp1dniMP23Yb3HnRoJRy2uU=",
        "owner": "nixos",
        "repo": "nixpkgs",
        "rev": "14aef06d9b3ad1d07626bdbb16083b83f92dc6c1",
        "type": "github"
      },
      "original": {
        "owner": "nixos",
        "ref": "nixos-unstable",
        "repo": "nixpkgs",
        "type": "github"
      }
    },
    "npmlock2nix": {
      "flake": false,
      "locked": {
        "lastModified": 1631558099,
        "narHash": "sha256-xguvgtrIQHPxpc4J6EhfBnYtQDGJpt6hK1dN7KEi8R4=",
        "owner": "winston0410",
        "repo": "npmlock2nix",
        "rev": "33eb3300561d724da64a46ab8e9a05a9cfa9264b",
        "type": "github"
      },
      "original": {
        "owner": "winston0410",
        "repo": "npmlock2nix",
        "type": "github"
      }
    },
    "root": {
      "inputs": {
        "flake-utils": "flake-utils",
        "nixpkgs": "nixpkgs",
        "npmlock2nix": "npmlock2nix"
      }
    }
  },
  "root": "root",
  "version": 7
}
